lockfileVersion: '6.0'

settings:
  autoInstallPeers: true
  excludeLinksFromLockfile: false

devDependencies:
  '@azure-tools/typespec-apiview':
    specifier: 0.4.8
    version: 0.4.8(@typespec/compiler@0.55.0)(@typespec/versioning@0.55.0)
  '@azure-tools/typespec-autorest':
    specifier: 0.41.0
    version: 0.41.0(@azure-tools/typespec-azure-core@0.41.0)(@azure-tools/typespec-client-generator-core@0.41.3)(@typespec/compiler@0.55.0)(@typespec/http@0.55.0)(@typespec/openapi@0.55.0)(@typespec/rest@0.55.0)(@typespec/versioning@0.55.0)
  '@azure-tools/typespec-azure-core':
    specifier: 0.41.0
    version: 0.41.0(@typespec/compiler@0.55.0)(@typespec/http@0.55.0)(@typespec/rest@0.55.0)
  '@azure-tools/typespec-azure-resource-manager':
    specifier: 0.41.0
    version: 0.41.0(@azure-tools/typespec-autorest@0.41.0)(@azure-tools/typespec-azure-core@0.41.0)(@typespec/compiler@0.55.0)(@typespec/http@0.55.0)(@typespec/openapi@0.55.0)(@typespec/rest@0.55.0)(@typespec/versioning@0.55.0)
  '@azure-tools/typespec-client-generator-core':
    specifier: 0.41.3
    version: 0.41.3(@azure-tools/typespec-azure-core@0.41.0)(@typespec/compiler@0.55.0)(@typespec/http@0.55.0)(@typespec/rest@0.55.0)(@typespec/versioning@0.55.0)
  '@azure/avocado':
    specifier: ^0.8.4
    version: 0.8.14(tslib@2.6.2)
  '@typespec/compiler':
    specifier: 0.55.0
    version: 0.55.0
  '@typespec/http':
    specifier: 0.55.0
    version: 0.55.0(@typespec/compiler@0.55.0)
  '@typespec/openapi':
    specifier: 0.55.0
    version: 0.55.0(@typespec/compiler@0.55.0)(@typespec/http@0.55.0)
  '@typespec/openapi3':
    specifier: 0.55.0
    version: 0.55.0(@typespec/compiler@0.55.0)(@typespec/http@0.55.0)(@typespec/openapi@0.55.0)(@typespec/versioning@0.55.0)
  '@typespec/rest':
    specifier: 0.55.0
    version: 0.55.0(@typespec/compiler@0.55.0)(@typespec/http@0.55.0)
  '@typespec/versioning':
    specifier: 0.55.0
    version: 0.55.0(@typespec/compiler@0.55.0)
  azure-rest-api-specs-eng-tools:
    specifier: file:eng/tools
    version: file:eng/tools
  prettier:
    specifier: ~3.2.5
    version: 3.2.5
  typescript:
    specifier: ~5.4.5
    version: 5.4.5

packages:

  /@azure-tools/typespec-apiview@0.4.8(@typespec/compiler@0.55.0)(@typespec/versioning@0.55.0):
    resolution: {integrity: sha512-9608+exEW9R4rjfZlGeXkfIoz6Xrg2EZGnF/lVaT/jWR/LdzDr1EoGtxKgo4mUlHK4rhLB3TOO8Gx/WW901+kA==}
    engines: {node: '>=16.0.0'}
    peerDependencies:
      '@typespec/compiler': '>=0.52 <1.0'
      '@typespec/versioning': '>=0.52 <1.0'
    dependencies:
      '@typespec/compiler': 0.55.0
      '@typespec/versioning': 0.55.0(@typespec/compiler@0.55.0)
    dev: true

  /@azure-tools/typespec-autorest@0.41.0(@azure-tools/typespec-azure-core@0.41.0)(@azure-tools/typespec-client-generator-core@0.41.3)(@typespec/compiler@0.55.0)(@typespec/http@0.55.0)(@typespec/openapi@0.55.0)(@typespec/rest@0.55.0)(@typespec/versioning@0.55.0):
    resolution: {integrity: sha512-yMbzIXKO7jH2+w69nhrQoq6tsvEls1rP62bBduFNY8wGsYNirTnbyRoRmP42gG2cGoa9uXcol9fCprarKysXCw==}
    engines: {node: '>=18.0.0'}
    peerDependencies:
      '@azure-tools/typespec-azure-core': ~0.41.0
      '@azure-tools/typespec-client-generator-core': ~0.41.0
      '@typespec/compiler': ~0.55.0
      '@typespec/http': ~0.55.0
      '@typespec/openapi': ~0.55.0
      '@typespec/rest': ~0.55.0
      '@typespec/versioning': ~0.55.0
    dependencies:
      '@azure-tools/typespec-azure-core': 0.41.0(@typespec/compiler@0.55.0)(@typespec/http@0.55.0)(@typespec/rest@0.55.0)
      '@azure-tools/typespec-client-generator-core': 0.41.3(@azure-tools/typespec-azure-core@0.41.0)(@typespec/compiler@0.55.0)(@typespec/http@0.55.0)(@typespec/rest@0.55.0)(@typespec/versioning@0.55.0)
      '@typespec/compiler': 0.55.0
      '@typespec/http': 0.55.0(@typespec/compiler@0.55.0)
      '@typespec/openapi': 0.55.0(@typespec/compiler@0.55.0)(@typespec/http@0.55.0)
      '@typespec/rest': 0.55.0(@typespec/compiler@0.55.0)(@typespec/http@0.55.0)
      '@typespec/versioning': 0.55.0(@typespec/compiler@0.55.0)
    dev: true

  /@azure-tools/typespec-azure-core@0.41.0(@typespec/compiler@0.55.0)(@typespec/http@0.55.0)(@typespec/rest@0.55.0):
    resolution: {integrity: sha512-bnVrLxyjhMfKv75POL3m+lWjyqpLtWYEM9t2mrhFECHfW3+gWzTKIg98oNMKLXmev/sCc9QhbkKLs72jqxNL1Q==}
    engines: {node: '>=18.0.0'}
    peerDependencies:
      '@typespec/compiler': ~0.55.0
      '@typespec/http': ~0.55.0
      '@typespec/rest': ~0.55.0
    dependencies:
      '@typespec/compiler': 0.55.0
      '@typespec/http': 0.55.0(@typespec/compiler@0.55.0)
      '@typespec/rest': 0.55.0(@typespec/compiler@0.55.0)(@typespec/http@0.55.0)
    dev: true

  /@azure-tools/typespec-azure-resource-manager@0.41.0(@azure-tools/typespec-autorest@0.41.0)(@azure-tools/typespec-azure-core@0.41.0)(@typespec/compiler@0.55.0)(@typespec/http@0.55.0)(@typespec/openapi@0.55.0)(@typespec/rest@0.55.0)(@typespec/versioning@0.55.0):
    resolution: {integrity: sha512-KPeQQle+hd508bkRjWHDsUXhoLjXVJg0DQyPM9wIxf+3cE0yH0aUxWPU6aj+aTio84226ExO2Qh8IadqgoQ5qg==}
    engines: {node: '>=18.0.0'}
    peerDependencies:
      '@azure-tools/typespec-autorest': ~0.41.0
      '@azure-tools/typespec-azure-core': ~0.41.0
      '@typespec/compiler': ~0.55.0
      '@typespec/http': ~0.55.0
      '@typespec/openapi': ~0.55.0
      '@typespec/rest': ~0.55.0
      '@typespec/versioning': ~0.55.0
    dependencies:
      '@azure-tools/typespec-autorest': 0.41.0(@azure-tools/typespec-azure-core@0.41.0)(@azure-tools/typespec-client-generator-core@0.41.3)(@typespec/compiler@0.55.0)(@typespec/http@0.55.0)(@typespec/openapi@0.55.0)(@typespec/rest@0.55.0)(@typespec/versioning@0.55.0)
      '@azure-tools/typespec-azure-core': 0.41.0(@typespec/compiler@0.55.0)(@typespec/http@0.55.0)(@typespec/rest@0.55.0)
      '@typespec/compiler': 0.55.0
      '@typespec/http': 0.55.0(@typespec/compiler@0.55.0)
      '@typespec/openapi': 0.55.0(@typespec/compiler@0.55.0)(@typespec/http@0.55.0)
      '@typespec/rest': 0.55.0(@typespec/compiler@0.55.0)(@typespec/http@0.55.0)
      '@typespec/versioning': 0.55.0(@typespec/compiler@0.55.0)
    dev: true

  /@azure-tools/typespec-client-generator-core@0.41.3(@azure-tools/typespec-azure-core@0.41.0)(@typespec/compiler@0.55.0)(@typespec/http@0.55.0)(@typespec/rest@0.55.0)(@typespec/versioning@0.55.0):
    resolution: {integrity: sha512-f5H6gz7GCi0kUd7/8LoyJaMq68E0fNldZKQPxUIxqwlQHTFUI/7K37kCkOMNVk8gqmLgLKCShBLhE7zONKe8MA==}
    engines: {node: '>=18.0.0'}
    peerDependencies:
      '@azure-tools/typespec-azure-core': ~0.41.0
      '@typespec/compiler': ~0.55.0
      '@typespec/http': ~0.55.0
      '@typespec/rest': ~0.55.0
      '@typespec/versioning': ~0.55.0
    dependencies:
      '@azure-tools/typespec-azure-core': 0.41.0(@typespec/compiler@0.55.0)(@typespec/http@0.55.0)(@typespec/rest@0.55.0)
      '@typespec/compiler': 0.55.0
      '@typespec/http': 0.55.0(@typespec/compiler@0.55.0)
      '@typespec/rest': 0.55.0(@typespec/compiler@0.55.0)(@typespec/http@0.55.0)
      '@typespec/versioning': 0.55.0(@typespec/compiler@0.55.0)
      change-case: 5.4.4
      pluralize: 8.0.0
    dev: true

  /@azure/avocado@0.8.14(tslib@2.6.2):
    resolution: {integrity: sha512-9Jor5h3ztfqCfFXuu4ZWYAqAopGn3yRC/G0r9uXqj1yOJSQ1L8rA9r7jME2Syqu6KgTPew7RTbMFE1GIMY/Brw==}
    hasBin: true
    dependencies:
      '@azure/openapi-markdown': 0.9.4
      '@azure/swagger-validation-common': 0.0.5
      '@ts-common/async-iterator': 0.2.3
      '@ts-common/commonmark-to-markdown': 2.0.2(tslib@2.6.2)
      '@ts-common/fs': 0.2.0
      '@ts-common/iterator': 1.1.2(tslib@2.6.2)
      '@ts-common/json': 0.3.1
      '@ts-common/json-parser': 0.9.0
      '@ts-common/string-map': 0.3.0
      commonmark: 0.29.3
      glob: 7.2.3
      js-yaml: 3.14.1
      jsonpath-plus: 6.0.1
      node-fetch: 3.3.2
      node-notifier: 10.0.1
      node-object-hash: 1.4.2
      yargs: 15.4.1
    transitivePeerDependencies:
      - encoding
      - tslib
    dev: true

  /@azure/openapi-markdown@0.9.4:
    resolution: {integrity: sha512-QBxabmf+64mQuyWRLsBoLKdvB7PH2U9RsyQMekorl17DOVEkgQxMsQdL/WMlz/V2wMyiI433FlrbdUiiFapfKg==}
    dependencies:
      '@ts-common/commonmark-to-markdown': 2.0.2(tslib@1.14.1)
      '@ts-common/iterator': 0.3.6
      '@ts-common/string-map': 0.3.0
      '@ts-common/virtual-fs': 0.3.0
      commonmark: 0.28.1
      js-yaml: 3.14.1
      tslib: 1.14.1
    transitivePeerDependencies:
      - encoding
    dev: true

  /@azure/swagger-validation-common@0.0.5:
    resolution: {integrity: sha512-oc6OHLdoLlOpO5GjMcOFETEhJi45CI3MVIhvVY/yqyGw9AtaqOYw5HzO3wTuYgYFeGS4v9iqFah0SNLZrpk3Sg==}
    dev: true

  /@babel/code-frame@7.24.2:
    resolution: {integrity: sha512-y5+tLQyV8pg3fsiln67BVLD1P13Eg4lh5RW9mF0zUuvLrv9uIQ4MCL+CRT+FTsBlBjcIan6PGsLcBN0m3ClUyQ==}
    engines: {node: '>=6.9.0'}
    dependencies:
      '@babel/highlight': 7.24.5
      picocolors: 1.0.0
    dev: true

  /@babel/helper-validator-identifier@7.24.5:
    resolution: {integrity: sha512-3q93SSKX2TWCG30M2G2kwaKeTYgEUp5Snjuj8qm729SObL6nbtUldAi37qbxkD5gg3xnBio+f9nqpSepGZMvxA==}
    engines: {node: '>=6.9.0'}
    dev: true

  /@babel/highlight@7.24.5:
    resolution: {integrity: sha512-8lLmua6AVh/8SLJRRVD6V8p73Hir9w5mJrhE+IPpILG31KKlI9iz5zmBYKcWPS59qSfgP9RaSBQSHHE81WKuEw==}
    engines: {node: '>=6.9.0'}
    dependencies:
      '@babel/helper-validator-identifier': 7.24.5
      chalk: 2.4.2
      js-tokens: 4.0.0
      picocolors: 1.0.0
    dev: true

  /@nodelib/fs.scandir@2.1.5:
    resolution: {integrity: sha512-vq24Bq3ym5HEQm2NKCr3yXDwjc7vTsEThRDnkp2DK9p1uqLR+DHurm/NOTo0KG7HYHU7eppKZj3MyqYuMBf62g==}
    engines: {node: '>= 8'}
    dependencies:
      '@nodelib/fs.stat': 2.0.5
      run-parallel: 1.2.0
    dev: true

  /@nodelib/fs.stat@2.0.5:
    resolution: {integrity: sha512-RkhPPp2zrqDAQA/2jNhnztcPAlv64XdhIp7a7454A5ovI7Bukxgt7MX7udwAu3zg1DcpPU0rz3VV1SeaqvY4+A==}
    engines: {node: '>= 8'}
    dev: true

  /@nodelib/fs.walk@1.2.8:
    resolution: {integrity: sha512-oGB+UxlgWcgQkgwo8GcEGwemoTFt3FIO9ababBmaGwXIoBKZ+GTy0pP185beGg7Llih/NSHSV2XAs1lnznocSg==}
    engines: {node: '>= 8'}
    dependencies:
      '@nodelib/fs.scandir': 2.1.5
      fastq: 1.17.1
    dev: true

  /@sindresorhus/merge-streams@2.3.0:
    resolution: {integrity: sha512-LtoMMhxAlorcGhmFYI+LhPgbPZCkgP6ra1YL604EeF6U98pLlQ3iWIGMdWSC+vWmPBWBNgmDBAhnAobLROJmwg==}
    engines: {node: '>=18'}
    dev: true

  /@ts-common/add-position@0.0.2:
    resolution: {integrity: sha512-ENfIN5410jyxqXbQZXmj1ifFPjnhXOuJdQjglDXhLR8vyD74PTUz277BN9Voua2DKeOjlAnyBK7ml1ciMsBqhw==}
    dependencies:
      '@ts-common/iterator': 0.3.6
    dev: true

  /@ts-common/async-iterator@0.2.3:
    resolution: {integrity: sha512-szLdrutwQxBCIECaO2RTFcUPFj+9QVk4xKAj+APgeeLoEs67tNjXFgvfU0kOfF04qTHlPNPqcutSqxMHqzG3qA==}
    dependencies:
      '@ts-common/iterator': 0.3.6
      tslib: 1.14.1
    dev: true

  /@ts-common/commonmark-to-markdown@2.0.2(tslib@1.14.1):
    resolution: {integrity: sha512-gLUxc7phOvWiDavHDshU3JGxKsepSCYAuXpMVxU0j6MDah2EbV3y0UA4x1wHkWmlf7bVuDLcnsiYQttqEX1zQw==}
    dependencies:
      '@ts-common/iterator': 1.1.2(tslib@1.14.1)
      '@types/commonmark': 0.27.9
      commonmark: 0.28.1
      front-matter: 4.0.2
    transitivePeerDependencies:
      - tslib
    dev: true

  /@ts-common/commonmark-to-markdown@2.0.2(tslib@2.6.2):
    resolution: {integrity: sha512-gLUxc7phOvWiDavHDshU3JGxKsepSCYAuXpMVxU0j6MDah2EbV3y0UA4x1wHkWmlf7bVuDLcnsiYQttqEX1zQw==}
    dependencies:
      '@ts-common/iterator': 1.1.2(tslib@2.6.2)
      '@types/commonmark': 0.27.9
      commonmark: 0.28.1
      front-matter: 4.0.2
    transitivePeerDependencies:
      - tslib
    dev: true

  /@ts-common/fs@0.2.0:
    resolution: {integrity: sha512-ul1v4ZatcHuAzrwr/hGjSbk37pnfnLYDWC1yMEynQlnV8ndAcIVNYwQPPOYtLADPKTi3y74g5Q4BF3xPurDHLA==}
    dependencies:
      '@ts-common/async-iterator': 0.2.3
      '@types/node': 10.17.60
      tslib: 1.14.1
    dev: true

  /@ts-common/iterator@0.3.6:
    resolution: {integrity: sha512-nNdcleTj3qLlchH17HI/xqOc6sNgOqJ5DdRR0nOEVdJVZCo5bfqoQTu6+Q9ZwMhuETuR2d86MSlmaL2FVHnPjQ==}
    dev: true

  /@ts-common/iterator@1.1.2(tslib@1.14.1):
    resolution: {integrity: sha512-edwrL2/efx3uphxuSEI7fCHJENFmTg+gR7TY8ruTRxNWIWc240YSg+v4T3qVAtgG8npwRC4QtQDu72hi8mrR5A==}
    peerDependencies:
      tslib: ^2.3.1
    dependencies:
      tslib: 1.14.1
    dev: true

  /@ts-common/iterator@1.1.2(tslib@2.6.2):
    resolution: {integrity: sha512-edwrL2/efx3uphxuSEI7fCHJENFmTg+gR7TY8ruTRxNWIWc240YSg+v4T3qVAtgG8npwRC4QtQDu72hi8mrR5A==}
    peerDependencies:
      tslib: ^2.3.1
    dependencies:
      tslib: 2.6.2
    dev: true

  /@ts-common/json-parser@0.9.0:
    resolution: {integrity: sha512-how0z/Ak7Bay+feIYfJFVV8UMw8Ky2Czoo5XwN7QigCOlN4HyW6wSNup4zrZ7t6NUB0002tW/+IOKCH2lAVJOg==}
    dependencies:
      '@ts-common/add-position': 0.0.2
      '@ts-common/iterator': 0.3.6
      '@ts-common/json': 0.3.1
      '@ts-common/source-map': 0.5.0
      '@ts-common/string-map': 0.3.0
      tslib: 1.14.1
    dev: true

  /@ts-common/json@0.3.1:
    resolution: {integrity: sha512-vaplNdZPdeWr4p+hLJGdn08UMTSgYQrlRtxrAS0fAWyMlmFalBm/XRhHnohgiflRaj2jxl7ZxihjNlC/LZ/1YQ==}
    dependencies:
      '@ts-common/iterator': 0.3.6
      '@ts-common/string-map': 0.3.0
    dev: true

  /@ts-common/property-set@0.1.0:
    resolution: {integrity: sha512-Mw/CPiksQI/Tvp8/bmne6ZYmOcgHuMOrflairbzdpfgMz7lrINFu8PyDQw6yTnIASeZR4yW0xljb66gCE4Jj0w==}
    dev: true

  /@ts-common/source-map@0.5.0:
    resolution: {integrity: sha512-aKFWvuN5uALt+hUtkPA4gHjtloDy2qHW1FB1r758KCTI0h0lP3dNJGcfwg7NnmD0qKQiZAY/J73/NYrbuTfT3A==}
    dependencies:
      '@ts-common/iterator': 0.3.6
      '@ts-common/json': 0.3.1
      '@ts-common/property-set': 0.1.0
      '@ts-common/string-map': 0.3.0
    dev: true

  /@ts-common/string-map@0.3.0:
    resolution: {integrity: sha512-tikHtQPV/R48VAnlolyl1FIHciror68LXyruelvYf+lRE6ysjIGB2iNyw7wN6aDcUs2wN/CD6fF8Ye7lVIWNTQ==}
    dependencies:
      '@ts-common/iterator': 0.3.6
    dev: true

  /@ts-common/virtual-fs@0.3.0:
    resolution: {integrity: sha512-ryoXw52FTLhiexoNBA/hcAlW8gxPhrKEuZODgpCiF0wswNJdg/j+rCb9k1VppJdeIJ30b0Wg+2vPsrOrdnYTIw==}
    dependencies:
      '@ts-common/fs': 0.2.0
      '@ts-common/iterator': 0.3.6
      '@types/async-retry': 1.4.8
      '@types/node-fetch': 2.6.11
      async-retry: 1.3.3
      node-fetch: 2.7.0
    transitivePeerDependencies:
      - encoding
    dev: true

  /@types/async-retry@1.4.8:
    resolution: {integrity: sha512-Qup/B5PWLe86yI5I3av6ePGaeQrIHNKCwbsQotD6aHQ6YkHsMUxVZkZsmx/Ry3VZQ6uysHwTjQ7666+k6UjVJA==}
    dependencies:
      '@types/retry': 0.12.5
    dev: true

  /@types/commonmark@0.27.9:
    resolution: {integrity: sha512-d3+57WgyPCcIc6oshmcPkmP4+JqRRot9eeZLsBsutWtIxwWivpoyc2wEcolOp8MyO3ZWN846mMdoR02kdHSMCw==}
    dev: true

  /@types/node-fetch@2.6.11:
    resolution: {integrity: sha512-24xFj9R5+rfQJLRyM56qh+wnVSYhyXC2tkoBndtY0U+vubqNsYXGjufB2nn8Q6gt0LrARwL6UBtMCSVCwl4B1g==}
    dependencies:
      '@types/node': 20.12.10
      form-data: 4.0.0
    dev: true

  /@types/node@10.17.60:
    resolution: {integrity: sha512-F0KIgDJfy2nA3zMLmWGKxcH2ZVEtCZXHHdOQs2gSaQ27+lNeEfGxzkIw90aXswATX7AZ33tahPbzy6KAfUreVw==}
    dev: true

  /@types/node@20.12.10:
    resolution: {integrity: sha512-Eem5pH9pmWBHoGAT8Dr5fdc5rYA+4NAovdM4EktRPVAAiJhmWWfQrA0cFhAbOsQdSfIHjAud6YdkbL69+zSKjw==}
    dependencies:
      undici-types: 5.26.5
    dev: true

  /@types/retry@0.12.5:
    resolution: {integrity: sha512-3xSjTp3v03X/lSQLkczaN9UIEwJMoMCA1+Nb5HfbJEQWogdeQIyVtTvxPXDQjZ5zws8rFQfVfRdz03ARihPJgw==}
    dev: true

  /@typespec/compiler@0.55.0:
    resolution: {integrity: sha512-JxBkP7fTc3yzDYZ+Ms+ZHYlL2Ym22oloLDl6107SGaShNJBdQlabgE0aV8WvYRRBYt8g0RNb+sDLEcjvahj6Gw==}
    engines: {node: '>=18.0.0'}
    hasBin: true
    dependencies:
      '@babel/code-frame': 7.24.2
      ajv: 8.12.0
      change-case: 5.4.4
      globby: 14.0.1
      mustache: 4.2.0
      picocolors: 1.0.0
      prettier: 3.2.5
      prompts: 2.4.2
      semver: 7.6.1
      vscode-languageserver: 9.0.1
      vscode-languageserver-textdocument: 1.0.11
      yaml: 2.4.2
      yargs: 17.7.2
    dev: true

  /@typespec/http@0.55.0(@typespec/compiler@0.55.0):
    resolution: {integrity: sha512-r30RWzMTJgbyRpdtZxezlvXI/nkAvgilX1OM+s3A039lGLA+JRukgvKIZ3LaNr3lNXHiqeWQDrIZNhqBnpW1zw==}
    engines: {node: '>=18.0.0'}
    peerDependencies:
      '@typespec/compiler': ~0.55.0
    dependencies:
      '@typespec/compiler': 0.55.0
    dev: true

  /@typespec/openapi3@0.55.0(@typespec/compiler@0.55.0)(@typespec/http@0.55.0)(@typespec/openapi@0.55.0)(@typespec/versioning@0.55.0):
    resolution: {integrity: sha512-dfn/wrKSF4Ls1dWMpAguQggoc4HGx2tf3FN2xhBln6EtahNZNgN5sOE+XY0hGPI4MCE5QexMUlXSiXpxzlNA/A==}
    engines: {node: '>=18.0.0'}
    peerDependencies:
      '@typespec/compiler': ~0.55.0
      '@typespec/http': ~0.55.0
      '@typespec/openapi': ~0.55.0
      '@typespec/versioning': ~0.55.0
    dependencies:
      '@typespec/compiler': 0.55.0
      '@typespec/http': 0.55.0(@typespec/compiler@0.55.0)
      '@typespec/openapi': 0.55.0(@typespec/compiler@0.55.0)(@typespec/http@0.55.0)
      '@typespec/versioning': 0.55.0(@typespec/compiler@0.55.0)
      yaml: 2.4.2
    dev: true

  /@typespec/openapi@0.55.0(@typespec/compiler@0.55.0)(@typespec/http@0.55.0):
    resolution: {integrity: sha512-5T4VuJSOGfMFSs+1dOl3U3BC6VhKAxSTBrwcQDIEEygnqCSbj/tMFDhNfzKYKARRDotgM8ESOrZU6XH5srVR7A==}
    engines: {node: '>=18.0.0'}
    peerDependencies:
      '@typespec/compiler': ~0.55.0
      '@typespec/http': ~0.55.0
    dependencies:
      '@typespec/compiler': 0.55.0
      '@typespec/http': 0.55.0(@typespec/compiler@0.55.0)
    dev: true

  /@typespec/rest@0.55.0(@typespec/compiler@0.55.0)(@typespec/http@0.55.0):
    resolution: {integrity: sha512-RPZnx5D4xdTNiP0l++9IA8mUhnegPxetbdJ5RaG/QX2fTyF/gQ7t6AHIgdq8DfYVXqukQI/iGytJ135ObftbtQ==}
    engines: {node: '>=18.0.0'}
    peerDependencies:
      '@typespec/compiler': ~0.55.0
      '@typespec/http': ~0.55.0
    dependencies:
      '@typespec/compiler': 0.55.0
      '@typespec/http': 0.55.0(@typespec/compiler@0.55.0)
    dev: true

  /@typespec/versioning@0.55.0(@typespec/compiler@0.55.0):
    resolution: {integrity: sha512-89LTgkA3IBLnaaM4D4qfsrcEU0g3gasE1MmkrQ2HG21fYX88zKbmR1cKWeUxQx9MIXFOH4cPC9KhA/uLknRVMQ==}
    engines: {node: '>=18.0.0'}
    peerDependencies:
      '@typespec/compiler': ~0.55.0
    dependencies:
      '@typespec/compiler': 0.55.0
    dev: true

  /ajv@8.12.0:
    resolution: {integrity: sha512-sRu1kpcO9yLtYxBKvqfTeh9KzZEwO3STyX1HT+4CaDzC6HpTGYhIhPIzj9XuKU7KYDwnaeh5hcOwjy1QuJzBPA==}
    dependencies:
      fast-deep-equal: 3.1.3
      json-schema-traverse: 1.0.0
      require-from-string: 2.0.2
      uri-js: 4.4.1
    dev: true

  /ansi-regex@5.0.1:
    resolution: {integrity: sha512-quJQXlTSUGL2LH9SUXo8VwsY4soanhgo6LNSm84E1LBcE8s3O0wpdiRzyR9z/ZZJMlMWv37qOOb9pdJlMUEKFQ==}
    engines: {node: '>=8'}
    dev: true

  /ansi-styles@3.2.1:
    resolution: {integrity: sha512-VT0ZI6kZRdTh8YyJw3SMbYm/u+NqfsAxEpWO0Pf9sq8/e94WxxOpPKx9FR1FlyCtOVDNOQ+8ntlqFxiRc+r5qA==}
    engines: {node: '>=4'}
    dependencies:
      color-convert: 1.9.3
    dev: true

  /ansi-styles@4.3.0:
    resolution: {integrity: sha512-zbB9rCJAT1rbjiVDb2hqKFHNYLxgtk8NURxZ3IZwD3F6NtxbXZQCnnSi1Lkx+IDohdPlFp222wVALIheZJQSEg==}
    engines: {node: '>=8'}
    dependencies:
      color-convert: 2.0.1
    dev: true

  /argparse@1.0.10:
    resolution: {integrity: sha512-o5Roy6tNG4SL/FOkCAN6RzjiakZS25RLYFrcMttJqbdd8BWrnA+fGz57iN5Pb06pvBGvl5gQ0B48dJlslXvoTg==}
    dependencies:
      sprintf-js: 1.0.3
    dev: true

  /async-retry@1.3.3:
    resolution: {integrity: sha512-wfr/jstw9xNi/0teMHrRW7dsz3Lt5ARhYNZ2ewpadnhaIp5mbALhOAP+EAdsC7t4Z6wqsDVv9+W6gm1Dk9mEyw==}
    dependencies:
      retry: 0.13.1
    dev: true

  /asynckit@0.4.0:
    resolution: {integrity: sha512-Oei9OH4tRh0YqU3GxhX79dM/mwVgvbZJaSNaRk+bshkj0S5cfHcgYakreBjrHwatXKbz+IoIdYLxrKim2MjW0Q==}
    dev: true

  /balanced-match@1.0.2:
    resolution: {integrity: sha512-3oSeUO0TMV67hN1AmbXsK4yaqU7tjiHlbxRDZOpH0KW9+CeX4bRAaX0Anxt0tx2MrpRpWwQaPwIlISEJhYU5Pw==}
    dev: true

  /brace-expansion@1.1.11:
    resolution: {integrity: sha512-iCuPHDFgrHX7H2vEI/5xpz07zSHB00TpugqhmYtVmMO6518mCuRMoOYFldEBl0g187ufozdaHgWKcYFb61qGiA==}
    dependencies:
      balanced-match: 1.0.2
      concat-map: 0.0.1
    dev: true

  /braces@3.0.2:
    resolution: {integrity: sha512-b8um+L1RzM3WDSzvhm6gIz1yfTbBt6YTlcEKAvsmqCZZFw46z626lVj9j1yEPW33H5H+lBQpZMP1k8l+78Ha0A==}
    engines: {node: '>=8'}
    dependencies:
      fill-range: 7.0.1
    dev: true

  /camelcase@5.3.1:
    resolution: {integrity: sha512-L28STB170nwWS63UjtlEOE3dldQApaJXZkOI1uMFfzf3rRuPegHaHesyee+YxQ+W6SvRDQV6UrdOdRiR153wJg==}
    engines: {node: '>=6'}
    dev: true

  /chalk@2.4.2:
    resolution: {integrity: sha512-Mti+f9lpJNcwF4tWV8/OrTTtF1gZi+f8FqlyAdouralcFWFQWF2+NgCHShjkCb+IFBLq9buZwE1xckQU4peSuQ==}
    engines: {node: '>=4'}
    dependencies:
      ansi-styles: 3.2.1
      escape-string-regexp: 1.0.5
      supports-color: 5.5.0
    dev: true

  /change-case@5.4.4:
    resolution: {integrity: sha512-HRQyTk2/YPEkt9TnUPbOpr64Uw3KOicFWPVBb+xiHvd6eBx/qPr9xqfBFDT8P2vWsvvz4jbEkfDe71W3VyNu2w==}
    dev: true

  /cliui@6.0.0:
    resolution: {integrity: sha512-t6wbgtoCXvAzst7QgXxJYqPt0usEfbgQdftEPbLL/cvv6HPE5VgvqCuAIDR0NgU52ds6rFwqrgakNLrHEjCbrQ==}
    dependencies:
      string-width: 4.2.3
      strip-ansi: 6.0.1
      wrap-ansi: 6.2.0
    dev: true

  /cliui@8.0.1:
    resolution: {integrity: sha512-BSeNnyus75C4//NQ9gQt1/csTXyo/8Sb+afLAkzAptFuMsod9HFokGNudZpi/oQV73hnVK+sR+5PVRMd+Dr7YQ==}
    engines: {node: '>=12'}
    dependencies:
      string-width: 4.2.3
      strip-ansi: 6.0.1
      wrap-ansi: 7.0.0
    dev: true

  /color-convert@1.9.3:
    resolution: {integrity: sha512-QfAUtd+vFdAtFQcC8CCyYt1fYWxSqAiK2cSD6zDB8N3cpsEBAvRxp9zOGg6G/SHHJYAT88/az/IuDGALsNVbGg==}
    dependencies:
      color-name: 1.1.3
    dev: true

  /color-convert@2.0.1:
    resolution: {integrity: sha512-RRECPsj7iu/xb5oKYcsFHSppFNnsj/52OVTRKb4zP5onXwVF3zVmmToNcOfGC+CRDpfK/U584fMg38ZHCaElKQ==}
    engines: {node: '>=7.0.0'}
    dependencies:
      color-name: 1.1.4
    dev: true

  /color-name@1.1.3:
    resolution: {integrity: sha512-72fSenhMw2HZMTVHeCA9KCmpEIbzWiQsjN+BHcBbS9vr1mtt+vJjPdksIBNUmKAW8TFUDPJK5SUU3QhE9NEXDw==}
    dev: true

  /color-name@1.1.4:
    resolution: {integrity: sha512-dOy+3AuW3a2wNbZHIuMZpTcgjGuLU/uBL/ubcZF9OXbDo8ff4O8yVp5Bf0efS8uEoYo5q4Fx7dY9OgQGXgAsQA==}
    dev: true

  /combined-stream@1.0.8:
    resolution: {integrity: sha512-FQN4MRfuJeHf7cBbBMJFXhKSDq+2kAArBlmRBvcvFE5BB1HZKXtSFASDhdlz9zOYwxh8lDdnvmMOe/+5cdoEdg==}
    engines: {node: '>= 0.8'}
    dependencies:
      delayed-stream: 1.0.0
    dev: true

  /commonmark@0.28.1:
    resolution: {integrity: sha512-PklsZ9pgrfFQ5hQH9BRzoWnqI9db2LeR9MhvkNk8iz97kfaTNmhTU+IE8jKDHTEfivZZXoFqzGqzddXdk14EJw==}
    hasBin: true
    dependencies:
      entities: 1.1.2
      mdurl: 1.0.1
      minimist: 1.2.8
      string.prototype.repeat: 0.2.0
    dev: true

  /commonmark@0.29.3:
    resolution: {integrity: sha512-fvt/NdOFKaL2gyhltSy6BC4LxbbxbnPxBMl923ittqO/JBM0wQHaoYZliE4tp26cRxX/ZZtRsJlZzQrVdUkXAA==}
    hasBin: true
    dependencies:
      entities: 2.0.3
      mdurl: 1.0.1
      minimist: 1.2.8
      string.prototype.repeat: 0.2.0
    dev: true

  /concat-map@0.0.1:
    resolution: {integrity: sha512-/Srv4dswyQNBfohGpz9o6Yb3Gz3SrUDqBH5rTuhGR7ahtlbYKnVxw2bCFMRljaA7EXHaXZ8wsHdodFvbkhKmqg==}
    dev: true

  /data-uri-to-buffer@4.0.1:
    resolution: {integrity: sha512-0R9ikRb668HB7QDxT1vkpuUBtqc53YyAwMwGeUFKRojY/NWKvdZ+9UYtRfGmhqNbRkTSVpMbmyhXipFFv2cb/A==}
    engines: {node: '>= 12'}
    dev: true

  /decamelize@1.2.0:
    resolution: {integrity: sha512-z2S+W9X73hAUUki+N+9Za2lBlun89zigOyGrsax+KUQ6wKW4ZoWpEYBkGhQjwAjjDCkWxhY0VKEhk8wzY7F5cA==}
    engines: {node: '>=0.10.0'}
    dev: true

  /delayed-stream@1.0.0:
    resolution: {integrity: sha512-ZySD7Nf91aLB0RxL4KGrKHBXl7Eds1DAmEdcoVawXnLD7SDhpNgtuII2aAkg7a7QS41jxPSZ17p4VdGnMHk3MQ==}
    engines: {node: '>=0.4.0'}
    dev: true

  /emoji-regex@8.0.0:
    resolution: {integrity: sha512-MSjYzcWNOA0ewAHpz0MxpYFvwg6yjy1NG3xteoqz644VCo/RPgnr1/GGt+ic3iJTzQ8Eu3TdM14SawnVUmGE6A==}
    dev: true

  /entities@1.1.2:
    resolution: {integrity: sha512-f2LZMYl1Fzu7YSBKg+RoROelpOaNrcGmE9AZubeDfrCEia483oW4MI4VyFd5VNHIgQ/7qm1I0wUHK1eJnn2y2w==}
    dev: true

  /entities@2.0.3:
    resolution: {integrity: sha512-MyoZ0jgnLvB2X3Lg5HqpFmn1kybDiIfEQmKzTb5apr51Rb+T3KdmMiqa70T+bhGnyv7bQ6WMj2QMHpGMmlrUYQ==}
    dev: true

  /escalade@3.1.2:
    resolution: {integrity: sha512-ErCHMCae19vR8vQGe50xIsVomy19rg6gFu3+r3jkEO46suLMWBksvVyoGgQV+jOfl84ZSOSlmv6Gxa89PmTGmA==}
    engines: {node: '>=6'}
    dev: true

  /escape-string-regexp@1.0.5:
    resolution: {integrity: sha512-vbRorB5FUQWvla16U8R/qgaFIya2qGzwDrNmCZuYKrbdSUMG6I1ZCGQRefkRVhuOkIGVne7BQ35DSfo1qvJqFg==}
    engines: {node: '>=0.8.0'}
    dev: true

  /esprima@4.0.1:
    resolution: {integrity: sha512-eGuFFw7Upda+g4p+QHvnW0RyTX/SVeJBDM/gCtMARO0cLuT2HcEKnTPvhjV6aGeqrCB/sbNop0Kszm0jsaWU4A==}
    engines: {node: '>=4'}
    hasBin: true
    dev: true

  /fast-deep-equal@3.1.3:
    resolution: {integrity: sha512-f3qQ9oQy9j2AhBe/H9VC91wLmKBCCU/gDOnKNAYG5hswO7BLKj09Hc5HYNz9cGI++xlpDCIgDaitVs03ATR84Q==}
    dev: true

  /fast-glob@3.3.2:
    resolution: {integrity: sha512-oX2ruAFQwf/Orj8m737Y5adxDQO0LAB7/S5MnxCdTNDd4p6BsyIVsv9JQsATbTSq8KHRpLwIHbVlUNatxd+1Ow==}
    engines: {node: '>=8.6.0'}
    dependencies:
      '@nodelib/fs.stat': 2.0.5
      '@nodelib/fs.walk': 1.2.8
      glob-parent: 5.1.2
      merge2: 1.4.1
      micromatch: 4.0.5
    dev: true

  /fastq@1.17.1:
    resolution: {integrity: sha512-sRVD3lWVIXWg6By68ZN7vho9a1pQcN/WBFaAAsDDFzlJjvoGx0P8z7V1t72grFJfJhu3YPZBuu25f7Kaw2jN1w==}
    dependencies:
      reusify: 1.0.4
    dev: true

  /fetch-blob@3.2.0:
    resolution: {integrity: sha512-7yAQpD2UMJzLi1Dqv7qFYnPbaPx7ZfFK6PiIxQ4PfkGPyNyl2Ugx+a/umUonmKqjhM4DnfbMvdX6otXq83soQQ==}
    engines: {node: ^12.20 || >= 14.13}
    dependencies:
      node-domexception: 1.0.0
      web-streams-polyfill: 3.3.3
    dev: true

  /fill-range@7.0.1:
    resolution: {integrity: sha512-qOo9F+dMUmC2Lcb4BbVvnKJxTPjCm+RRpe4gDuGrzkL7mEVl/djYSu2OdQ2Pa302N4oqkSg9ir6jaLWJ2USVpQ==}
    engines: {node: '>=8'}
    dependencies:
      to-regex-range: 5.0.1
    dev: true

  /find-up@4.1.0:
    resolution: {integrity: sha512-PpOwAdQ/YlXQ2vj8a3h8IipDuYRi3wceVQQGYWxNINccq40Anw7BlsEXCMbt1Zt+OLA6Fq9suIpIWD0OsnISlw==}
    engines: {node: '>=8'}
    dependencies:
      locate-path: 5.0.0
      path-exists: 4.0.0
    dev: true

  /form-data@4.0.0:
    resolution: {integrity: sha512-ETEklSGi5t0QMZuiXoA/Q6vcnxcLQP5vdugSpuAyi6SVGi2clPPp+xgEhuMaHC+zGgn31Kd235W35f7Hykkaww==}
    engines: {node: '>= 6'}
    dependencies:
      asynckit: 0.4.0
      combined-stream: 1.0.8
      mime-types: 2.1.35
    dev: true

  /formdata-polyfill@4.0.10:
    resolution: {integrity: sha512-buewHzMvYL29jdeQTVILecSaZKnt/RJWjoZCF5OW60Z67/GmSLBkOFM7qh1PI3zFNtJbaZL5eQu1vLfazOwj4g==}
    engines: {node: '>=12.20.0'}
    dependencies:
      fetch-blob: 3.2.0
    dev: true

  /front-matter@4.0.2:
    resolution: {integrity: sha512-I8ZuJ/qG92NWX8i5x1Y8qyj3vizhXS31OxjKDu3LKP+7/qBgfIKValiZIEwoVoJKUHlhWtYrktkxV1XsX+pPlg==}
    dependencies:
      js-yaml: 3.14.1
    dev: true

  /fs.realpath@1.0.0:
    resolution: {integrity: sha512-OO0pH2lK6a0hZnAdau5ItzHPI6pUlvI7jMVnxUQRtw4owF2wk8lOSabtGDCTP4Ggrg2MbGnWO9X8K1t4+fGMDw==}
    dev: true

  /get-caller-file@2.0.5:
    resolution: {integrity: sha512-DyFP3BM/3YHTQOCUL/w0OZHR0lpKeGrxotcHWcqNEdnltqFwXVfhEBQ94eIo34AfQpo0rGki4cyIiftY06h2Fg==}
    engines: {node: 6.* || 8.* || >= 10.*}
    dev: true

  /glob-parent@5.1.2:
    resolution: {integrity: sha512-AOIgSQCepiJYwP3ARnGx+5VnTu2HBYdzbGP45eLw1vr3zB3vZLeyed1sC9hnbcOc9/SrMyM5RPQrkGz4aS9Zow==}
    engines: {node: '>= 6'}
    dependencies:
      is-glob: 4.0.3
    dev: true

  /glob@7.2.3:
    resolution: {integrity: sha512-nFR0zLpU2YCaRxwoCJvL6UvCH2JFyFVIvwTLsIf21AuHlMskA1hhTdk+LlYJtOlYt9v6dvszD2BGRqBL+iQK9Q==}
    dependencies:
      fs.realpath: 1.0.0
      inflight: 1.0.6
      inherits: 2.0.4
      minimatch: 3.1.2
      once: 1.4.0
      path-is-absolute: 1.0.1
    dev: true

  /globby@14.0.1:
    resolution: {integrity: sha512-jOMLD2Z7MAhyG8aJpNOpmziMOP4rPLcc95oQPKXBazW82z+CEgPFBQvEpRUa1KeIMUJo4Wsm+q6uzO/Q/4BksQ==}
    engines: {node: '>=18'}
    dependencies:
      '@sindresorhus/merge-streams': 2.3.0
      fast-glob: 3.3.2
      ignore: 5.3.1
      path-type: 5.0.0
      slash: 5.1.0
      unicorn-magic: 0.1.0
    dev: true

  /growly@1.3.0:
    resolution: {integrity: sha512-+xGQY0YyAWCnqy7Cd++hc2JqMYzlm0dG30Jd0beaA64sROr8C4nt8Yc9V5Ro3avlSUDTN0ulqP/VBKi1/lLygw==}
    dev: true

  /has-flag@3.0.0:
    resolution: {integrity: sha512-sKJf1+ceQBr4SMkvQnBDNDtf4TXpVhVGateu0t918bl30FnbE2m4vNLX+VWe/dpjlb+HugGYzW7uQXH98HPEYw==}
    engines: {node: '>=4'}
    dev: true

  /ignore@5.3.1:
    resolution: {integrity: sha512-5Fytz/IraMjqpwfd34ke28PTVMjZjJG2MPn5t7OE4eUCUNf8BAa7b5WUS9/Qvr6mwOQS7Mk6vdsMno5he+T8Xw==}
    engines: {node: '>= 4'}
    dev: true

  /inflight@1.0.6:
    resolution: {integrity: sha512-k92I/b08q4wvFscXCLvqfsHCrjrF7yiXsQuIVvVE7N82W3+aqpzuUdBbfhWcy/FZR3/4IgflMgKLOsvPDrGCJA==}
    dependencies:
      once: 1.4.0
      wrappy: 1.0.2
    dev: true

  /inherits@2.0.4:
    resolution: {integrity: sha512-k/vGaX4/Yla3WzyMCvTQOXYeIHvqOKtnqBduzTHpzpQZzAskKMhZ2K+EnBiSM9zGSoIFeMpXKxa4dYeZIQqewQ==}
    dev: true

  /is-docker@2.2.1:
    resolution: {integrity: sha512-F+i2BKsFrH66iaUFc0woD8sLy8getkwTwtOBjvs56Cx4CgJDeKQeqfz8wAYiSb8JOprWhHH5p77PbmYCvvUuXQ==}
    engines: {node: '>=8'}
    hasBin: true
    dev: true

  /is-extglob@2.1.1:
    resolution: {integrity: sha512-SbKbANkN603Vi4jEZv49LeVJMn4yGwsbzZworEoyEiutsN3nJYdbO36zfhGJ6QEDpOZIFkDtnq5JRxmvl3jsoQ==}
    engines: {node: '>=0.10.0'}
    dev: true

  /is-fullwidth-code-point@3.0.0:
    resolution: {integrity: sha512-zymm5+u+sCsSWyD9qNaejV3DFvhCKclKdizYaJUuHA83RLjb7nSuGnddCHGv0hk+KY7BMAlsWeK4Ueg6EV6XQg==}
    engines: {node: '>=8'}
    dev: true

  /is-glob@4.0.3:
    resolution: {integrity: sha512-xelSayHH36ZgE7ZWhli7pW34hNbNl8Ojv5KVmkJD4hBdD3th8Tfk9vYasLM+mXWOZhFkgZfxhLSnrwRr4elSSg==}
    engines: {node: '>=0.10.0'}
    dependencies:
      is-extglob: 2.1.1
    dev: true

  /is-number@7.0.0:
    resolution: {integrity: sha512-41Cifkg6e8TylSpdtTpeLVMqvSBEVzTttHvERD741+pnZ8ANv0004MRL43QKPDlK9cGvNp6NZWZUBlbGXYxxng==}
    engines: {node: '>=0.12.0'}
    dev: true

  /is-wsl@2.2.0:
    resolution: {integrity: sha512-fKzAra0rGJUUBwGBgNkHZuToZcn+TtXHpeCgmkMJMMYx1sQDYaCSyjJBSCa2nH1DGm7s3n1oBnohoVTBaN7Lww==}
    engines: {node: '>=8'}
    dependencies:
      is-docker: 2.2.1
    dev: true

  /isexe@2.0.0:
    resolution: {integrity: sha512-RHxMLp9lnKHGHRng9QFhRCMbYAcVpn69smSGcq3f36xjgVVWThj4qqLbTLlq7Ssj8B+fIQ1EuCEGI2lKsyQeIw==}
    dev: true

  /js-tokens@4.0.0:
    resolution: {integrity: sha512-RdJUflcE3cUzKiMqQgsCu06FPu9UdIJO0beYbPhHN4k6apgJtifcoCtT9bcxOpYBtpD2kCM6Sbzg4CausW/PKQ==}
    dev: true

  /js-yaml@3.14.1:
    resolution: {integrity: sha512-okMH7OXXJ7YrN9Ok3/SXrnu4iX9yOk+25nqX4imS2npuvTYDmo/QEZoqwZkYaIDk3jVvBOTOIEgEhaLOynBS9g==}
    hasBin: true
    dependencies:
      argparse: 1.0.10
      esprima: 4.0.1
    dev: true

  /json-schema-traverse@1.0.0:
    resolution: {integrity: sha512-NM8/P9n3XjXhIZn1lLhkFaACTOURQXjWhV4BA/RnOv8xvgqtqpAX9IO4mRQxSx1Rlo4tqzeqb0sOlruaOy3dug==}
    dev: true

  /jsonpath-plus@6.0.1:
    resolution: {integrity: sha512-EvGovdvau6FyLexFH2OeXfIITlgIbgZoAZe3usiySeaIDm5QS+A10DKNpaPBBqqRSZr2HN6HVNXxtwUAr2apEw==}
    engines: {node: '>=10.0.0'}
    dev: true

  /kleur@3.0.3:
    resolution: {integrity: sha512-eTIzlVOSUR+JxdDFepEYcBMtZ9Qqdef+rnzWdRZuMbOywu5tO2w2N7rqjoANZ5k9vywhL6Br1VRjUIgTQx4E8w==}
    engines: {node: '>=6'}
    dev: true

  /locate-path@5.0.0:
    resolution: {integrity: sha512-t7hw9pI+WvuwNJXwk5zVHpyhIqzg2qTlklJOf0mVxGSbe3Fp2VieZcduNYjaLDoy6p9uGpQEGWG87WpMKlNq8g==}
    engines: {node: '>=8'}
    dependencies:
      p-locate: 4.1.0
    dev: true

  /mdurl@1.0.1:
    resolution: {integrity: sha512-/sKlQJCBYVY9Ers9hqzKou4H6V5UWc/M59TH2dvkt+84itfnq7uFOMLpOiOS4ujvHP4etln18fmIxA5R5fll0g==}
    dev: true

  /merge2@1.4.1:
    resolution: {integrity: sha512-8q7VEgMJW4J8tcfVPy8g09NcQwZdbwFEqhe/WZkoIzjn/3TGDwtOCYtXGxA3O8tPzpczCCDgv+P2P5y00ZJOOg==}
    engines: {node: '>= 8'}
    dev: true

  /micromatch@4.0.5:
    resolution: {integrity: sha512-DMy+ERcEW2q8Z2Po+WNXuw3c5YaUSFjAO5GsJqfEl7UjvtIuFKO6ZrKvcItdy98dwFI2N1tg3zNIdKaQT+aNdA==}
    engines: {node: '>=8.6'}
    dependencies:
      braces: 3.0.2
      picomatch: 2.3.1
    dev: true

  /mime-db@1.52.0:
    resolution: {integrity: sha512-sPU4uV7dYlvtWJxwwxHD0PuihVNiE7TyAbQ5SWxDCB9mUYvOgroQOwYQQOKPJ8CIbE+1ETVlOoK1UC2nU3gYvg==}
    engines: {node: '>= 0.6'}
    dev: true

  /mime-types@2.1.35:
    resolution: {integrity: sha512-ZDY+bPm5zTTF+YpCrAU9nK0UgICYPT0QtT1NZWFv4s++TNkcgVaT0g6+4R2uI4MjQjzysHB1zxuWL50hzaeXiw==}
    engines: {node: '>= 0.6'}
    dependencies:
      mime-db: 1.52.0
    dev: true

  /minimatch@3.1.2:
    resolution: {integrity: sha512-J7p63hRiAjw1NDEww1W7i37+ByIrOWO5XQQAzZ3VOcL0PNybwpfmV/N05zFAzwQ9USyEcX6t3UO+K5aqBQOIHw==}
    dependencies:
      brace-expansion: 1.1.11
    dev: true

  /minimist@1.2.8:
    resolution: {integrity: sha512-2yyAR8qBkN3YuheJanUpWC5U3bb5osDywNB8RzDVlDwDHbocAJveqqj1u8+SVD7jkWT4yvsHCpWqqWqAxb0zCA==}
    dev: true

  /mustache@4.2.0:
    resolution: {integrity: sha512-71ippSywq5Yb7/tVYyGbkBggbU8H3u5Rz56fH60jGFgr8uHwxs+aSKeqmluIVzM0m0kB7xQjKS6qPfd0b2ZoqQ==}
    hasBin: true
    dev: true

  /node-domexception@1.0.0:
    resolution: {integrity: sha512-/jKZoMpw0F8GRwl4/eLROPA3cfcXtLApP0QzLmUT/HuPCZWyB7IY9ZrMeKw2O/nFIqPQB3PVM9aYm0F312AXDQ==}
    engines: {node: '>=10.5.0'}
    dev: true

  /node-fetch@2.7.0:
    resolution: {integrity: sha512-c4FRfUm/dbcWZ7U+1Wq0AwCyFL+3nt2bEw05wfxSz+DWpWsitgmSgYmy2dQdWyKC1694ELPqMs/YzUSNozLt8A==}
    engines: {node: 4.x || >=6.0.0}
    peerDependencies:
      encoding: ^0.1.0
    peerDependenciesMeta:
      encoding:
        optional: true
    dependencies:
      whatwg-url: 5.0.0
    dev: true

  /node-fetch@3.3.2:
    resolution: {integrity: sha512-dRB78srN/l6gqWulah9SrxeYnxeddIG30+GOqK/9OlLVyLg3HPnr6SqOWTWOXKRwC2eGYCkZ59NNuSgvSrpgOA==}
    engines: {node: ^12.20.0 || ^14.13.1 || >=16.0.0}
    dependencies:
      data-uri-to-buffer: 4.0.1
      fetch-blob: 3.2.0
      formdata-polyfill: 4.0.10
    dev: true

  /node-notifier@10.0.1:
    resolution: {integrity: sha512-YX7TSyDukOZ0g+gmzjB6abKu+hTGvO8+8+gIFDsRCU2t8fLV/P2unmt+LGFaIa4y64aX98Qksa97rgz4vMNeLQ==}
    dependencies:
      growly: 1.3.0
      is-wsl: 2.2.0
      semver: 7.6.1
      shellwords: 0.1.1
      uuid: 8.3.2
      which: 2.0.2
    dev: true

  /node-object-hash@1.4.2:
    resolution: {integrity: sha512-UdS4swXs85fCGWWf6t6DMGgpN/vnlKeSGEQ7hJcrs7PBFoxoKLmibc3QRb7fwiYsjdL7PX8iI/TMSlZ90dgHhQ==}
    engines: {node: '>=0.10.0'}
    dev: true

  /once@1.4.0:
    resolution: {integrity: sha512-lNaJgI+2Q5URQBkccEKHTQOPaXdUxnZZElQTZY0MFUAuaEqe1E+Nyvgdz/aIyNi6Z9MzO5dv1H8n58/GELp3+w==}
    dependencies:
      wrappy: 1.0.2
    dev: true

  /p-limit@2.3.0:
    resolution: {integrity: sha512-//88mFWSJx8lxCzwdAABTJL2MyWB12+eIY7MDL2SqLmAkeKU9qxRvWuSyTjm3FUmpBEMuFfckAIqEaVGUDxb6w==}
    engines: {node: '>=6'}
    dependencies:
      p-try: 2.2.0
    dev: true

  /p-locate@4.1.0:
    resolution: {integrity: sha512-R79ZZ/0wAxKGu3oYMlz8jy/kbhsNrS7SKZ7PxEHBgJ5+F2mtFW2fK2cOtBh1cHYkQsbzFV7I+EoRKe6Yt0oK7A==}
    engines: {node: '>=8'}
    dependencies:
      p-limit: 2.3.0
    dev: true

  /p-try@2.2.0:
    resolution: {integrity: sha512-R4nPAVTAU0B9D35/Gk3uJf/7XYbQcyohSKdvAxIRSNghFl4e71hVoGnBNQz9cWaXxO2I10KTC+3jMdvvoKw6dQ==}
    engines: {node: '>=6'}
    dev: true

  /path-exists@4.0.0:
    resolution: {integrity: sha512-ak9Qy5Q7jYb2Wwcey5Fpvg2KoAc/ZIhLSLOSBmRmygPsGwkVVt0fZa0qrtMz+m6tJTAHfZQ8FnmB4MG4LWy7/w==}
    engines: {node: '>=8'}
    dev: true

  /path-is-absolute@1.0.1:
    resolution: {integrity: sha512-AVbw3UJ2e9bq64vSaS9Am0fje1Pa8pbGqTTsmXfaIiMpnr5DlDhfJOuLj9Sf95ZPVDAUerDfEk88MPmPe7UCQg==}
    engines: {node: '>=0.10.0'}
    dev: true

  /path-type@5.0.0:
    resolution: {integrity: sha512-5HviZNaZcfqP95rwpv+1HDgUamezbqdSYTyzjTvwtJSnIH+3vnbmWsItli8OFEndS984VT55M3jduxZbX351gg==}
    engines: {node: '>=12'}
    dev: true

  /picocolors@1.0.0:
    resolution: {integrity: sha512-1fygroTLlHu66zi26VoTDv8yRgm0Fccecssto+MhsZ0D/DGW2sm8E8AjW7NU5VVTRt5GxbeZ5qBuJr+HyLYkjQ==}
    dev: true

  /picomatch@2.3.1:
    resolution: {integrity: sha512-JU3teHTNjmE2VCGFzuY8EXzCDVwEqB2a8fsIvwaStHhAWJEeVd1o1QD80CU6+ZdEXXSLbSsuLwJjkCBWqRQUVA==}
    engines: {node: '>=8.6'}
    dev: true

  /pluralize@8.0.0:
    resolution: {integrity: sha512-Nc3IT5yHzflTfbjgqWcCPpo7DaKy4FnpB0l/zCAW0Tc7jxAiuqSxHasntB3D7887LSrA93kDJ9IXovxJYxyLCA==}
    engines: {node: '>=4'}
    dev: true

  /prettier@3.2.5:
    resolution: {integrity: sha512-3/GWa9aOC0YeD7LUfvOG2NiDyhOWRvt1k+rcKhOuYnMY24iiCphgneUfJDyFXd6rZCAnuLBv6UeAULtrhT/F4A==}
    engines: {node: '>=14'}
    hasBin: true
    dev: true

  /prompts@2.4.2:
    resolution: {integrity: sha512-NxNv/kLguCA7p3jE8oL2aEBsrJWgAakBpgmgK6lpPWV+WuOmY6r2/zbAVnP+T8bQlA0nzHXSJSJW0Hq7ylaD2Q==}
    engines: {node: '>= 6'}
    dependencies:
      kleur: 3.0.3
      sisteransi: 1.0.5
    dev: true

  /punycode@2.3.1:
    resolution: {integrity: sha512-vYt7UD1U9Wg6138shLtLOvdAu+8DsC/ilFtEVHcH+wydcSpNE20AfSOduf6MkRFahL5FY7X1oU7nKVZFtfq8Fg==}
    engines: {node: '>=6'}
    dev: true

  /queue-microtask@1.2.3:
    resolution: {integrity: sha512-NuaNSa6flKT5JaSYQzJok04JzTL1CA6aGhv5rfLW3PgqA+M2ChpZQnAC8h8i4ZFkBS8X5RqkDBHA7r4hej3K9A==}
    dev: true

  /require-directory@2.1.1:
    resolution: {integrity: sha512-fGxEI7+wsG9xrvdjsrlmL22OMTTiHRwAMroiEeMgq8gzoLC/PQr7RsRDSTLUg/bZAZtF+TVIkHc6/4RIKrui+Q==}
    engines: {node: '>=0.10.0'}
    dev: true

  /require-from-string@2.0.2:
    resolution: {integrity: sha512-Xf0nWe6RseziFMu+Ap9biiUbmplq6S9/p+7w7YXP/JBHhrUDDUhwa+vANyubuqfZWTveU//DYVGsDG7RKL/vEw==}
    engines: {node: '>=0.10.0'}
    dev: true

  /require-main-filename@2.0.0:
    resolution: {integrity: sha512-NKN5kMDylKuldxYLSUfrbo5Tuzh4hd+2E8NPPX02mZtn1VuREQToYe/ZdlJy+J3uCpfaiGF05e7B8W0iXbQHmg==}
    dev: true

  /retry@0.13.1:
    resolution: {integrity: sha512-XQBQ3I8W1Cge0Seh+6gjj03LbmRFWuoszgK9ooCpwYIrhhoO80pfq4cUkU5DkknwfOfFteRwlZ56PYOGYyFWdg==}
    engines: {node: '>= 4'}
    dev: true

  /reusify@1.0.4:
    resolution: {integrity: sha512-U9nH88a3fc/ekCF1l0/UP1IosiuIjyTh7hBvXVMHYgVcfGvt897Xguj2UOLDeI5BG2m7/uwyaLVT6fbtCwTyzw==}
    engines: {iojs: '>=1.0.0', node: '>=0.10.0'}
    dev: true

  /run-parallel@1.2.0:
    resolution: {integrity: sha512-5l4VyZR86LZ/lDxZTR6jqL8AFE2S0IFLMP26AbjsLVADxHdhB/c0GUsH+y39UfCi3dzz8OlQuPmnaJOMoDHQBA==}
    dependencies:
      queue-microtask: 1.2.3
    dev: true

  /semver@7.6.1:
    resolution: {integrity: sha512-f/vbBsu+fOiYt+lmwZV0rVwJScl46HppnOA1ZvIuBWKOTlllpyJ3bfVax76/OrhCH38dyxoDIA8K7uB963IYgA==}
    engines: {node: '>=10'}
    hasBin: true
    dev: true

  /set-blocking@2.0.0:
    resolution: {integrity: sha512-KiKBS8AnWGEyLzofFfmvKwpdPzqiy16LvQfK3yv/fVH7Bj13/wl3JSR1J+rfgRE9q7xUJK4qvgS8raSOeLUehw==}
    dev: true

  /shellwords@0.1.1:
    resolution: {integrity: sha512-vFwSUfQvqybiICwZY5+DAWIPLKsWO31Q91JSKl3UYv+K5c2QRPzn0qzec6QPu1Qc9eHYItiP3NdJqNVqetYAww==}
    dev: true

  /sisteransi@1.0.5:
    resolution: {integrity: sha512-bLGGlR1QxBcynn2d5YmDX4MGjlZvy2MRBDRNHLJ8VI6l6+9FUiyTFNJ0IveOSP0bcXgVDPRcfGqA0pjaqUpfVg==}
    dev: true

  /slash@5.1.0:
    resolution: {integrity: sha512-ZA6oR3T/pEyuqwMgAKT0/hAv8oAXckzbkmR0UkUosQ+Mc4RxGoJkRmwHgHufaenlyAgE1Mxgpdcrf75y6XcnDg==}
    engines: {node: '>=14.16'}
    dev: true

  /sprintf-js@1.0.3:
    resolution: {integrity: sha512-D9cPgkvLlV3t3IzL0D0YLvGA9Ahk4PcvVwUbN0dSGr1aP0Nrt4AEnTUbuGvquEC0mA64Gqt1fzirlRs5ibXx8g==}
    dev: true

  /string-width@4.2.3:
    resolution: {integrity: sha512-wKyQRQpjJ0sIp62ErSZdGsjMJWsap5oRNihHhu6G7JVO/9jIB6UyevL+tXuOqrng8j/cxKTWyWUwvSTriiZz/g==}
    engines: {node: '>=8'}
    dependencies:
      emoji-regex: 8.0.0
      is-fullwidth-code-point: 3.0.0
      strip-ansi: 6.0.1
    dev: true

  /string.prototype.repeat@0.2.0:
    resolution: {integrity: sha512-1BH+X+1hSthZFW+X+JaUkjkkUPwIlLEMJBLANN3hOob3RhEk5snLWNECDnYbgn/m5c5JV7Ersu1Yubaf+05cIA==}
    dev: true

  /strip-ansi@6.0.1:
    resolution: {integrity: sha512-Y38VPSHcqkFrCpFnQ9vuSXmquuv5oXOKpGeT6aGrr3o3Gc9AlVa6JBfUSOCnbxGGZF+/0ooI7KrPuUSztUdU5A==}
    engines: {node: '>=8'}
    dependencies:
      ansi-regex: 5.0.1
    dev: true

  /supports-color@5.5.0:
    resolution: {integrity: sha512-QjVjwdXIt408MIiAqCX4oUKsgU2EqAGzs2Ppkm4aQYbjm+ZEWEcW4SfFNTr4uMNZma0ey4f5lgLrkB0aX0QMow==}
    engines: {node: '>=4'}
    dependencies:
      has-flag: 3.0.0
    dev: true

  /to-regex-range@5.0.1:
    resolution: {integrity: sha512-65P7iz6X5yEr1cwcgvQxbbIw7Uk3gOy5dIdtZ4rDveLqhrdJP+Li/Hx6tyK0NEb+2GCyneCMJiGqrADCSNk8sQ==}
    engines: {node: '>=8.0'}
    dependencies:
      is-number: 7.0.0
    dev: true

  /tr46@0.0.3:
    resolution: {integrity: sha512-N3WMsuqV66lT30CrXNbEjx4GEwlow3v6rr4mCcv6prnfwhS01rkgyFdjPNBYd9br7LpXV1+Emh01fHnq2Gdgrw==}
    dev: true

  /tslib@1.14.1:
    resolution: {integrity: sha512-Xni35NKzjgMrwevysHTCArtLDpPvye8zV/0E4EyYn43P7/7qvQwPh9BGkHewbMulVntbigmcT7rdX3BNo9wRJg==}
    dev: true

  /tslib@2.6.2:
    resolution: {integrity: sha512-AEYxH93jGFPn/a2iVAwW87VuUIkR1FVUKB77NwMF7nBTDkDrrT/Hpt/IrCJ0QXhW27jTBDcf5ZY7w6RiqTMw2Q==}
    dev: true

  /typescript@5.4.5:
    resolution: {integrity: sha512-vcI4UpRgg81oIRUFwR0WSIHKt11nJ7SAVlYNIu+QpqeyXP+gpQJy/Z4+F0aGxSE4MqwjyXvW/TzgkLAx2AGHwQ==}
    engines: {node: '>=14.17'}
    hasBin: true
    dev: true

  /undici-types@5.26.5:
    resolution: {integrity: sha512-JlCMO+ehdEIKqlFxk6IfVoAUVmgz7cU7zD/h9XZ0qzeosSHmUJVOzSQvvYSYWXkFXC+IfLKSIffhv0sVZup6pA==}
    dev: true

  /unicorn-magic@0.1.0:
    resolution: {integrity: sha512-lRfVq8fE8gz6QMBuDM6a+LO3IAzTi05H6gCVaUpir2E1Rwpo4ZUog45KpNXKC/Mn3Yb9UDuHumeFTo9iV/D9FQ==}
    engines: {node: '>=18'}
    dev: true

  /uri-js@4.4.1:
    resolution: {integrity: sha512-7rKUyy33Q1yc98pQ1DAmLtwX109F7TIfWlW1Ydo8Wl1ii1SeHieeh0HHfPeL2fMXK6z0s8ecKs9frCuLJvndBg==}
    dependencies:
      punycode: 2.3.1
    dev: true

  /uuid@8.3.2:
    resolution: {integrity: sha512-+NYs2QeMWy+GWFOEm9xnn6HCDp0l7QBD7ml8zLUmJ+93Q5NF0NocErnwkTkXVFNiX3/fpC6afS8Dhb/gz7R7eg==}
    hasBin: true
    dev: true

  /vscode-jsonrpc@8.2.0:
    resolution: {integrity: sha512-C+r0eKJUIfiDIfwJhria30+TYWPtuHJXHtI7J0YlOmKAo7ogxP20T0zxB7HZQIFhIyvoBPwWskjxrvAtfjyZfA==}
    engines: {node: '>=14.0.0'}
    dev: true

  /vscode-languageserver-protocol@3.17.5:
    resolution: {integrity: sha512-mb1bvRJN8SVznADSGWM9u/b07H7Ecg0I3OgXDuLdn307rl/J3A9YD6/eYOssqhecL27hK1IPZAsaqh00i/Jljg==}
    dependencies:
      vscode-jsonrpc: 8.2.0
      vscode-languageserver-types: 3.17.5
    dev: true

  /vscode-languageserver-textdocument@1.0.11:
    resolution: {integrity: sha512-X+8T3GoiwTVlJbicx/sIAF+yuJAqz8VvwJyoMVhwEMoEKE/fkDmrqUgDMyBECcM2A2frVZIUj5HI/ErRXCfOeA==}
    dev: true

  /vscode-languageserver-types@3.17.5:
    resolution: {integrity: sha512-Ld1VelNuX9pdF39h2Hgaeb5hEZM2Z3jUrrMgWQAu82jMtZp7p3vJT3BzToKtZI7NgQssZje5o0zryOrhQvzQAg==}
    dev: true

  /vscode-languageserver@9.0.1:
    resolution: {integrity: sha512-woByF3PDpkHFUreUa7Hos7+pUWdeWMXRd26+ZX2A8cFx6v/JPTtd4/uN0/jB6XQHYaOlHbio03NTHCqrgG5n7g==}
    hasBin: true
    dependencies:
      vscode-languageserver-protocol: 3.17.5
    dev: true

  /web-streams-polyfill@3.3.3:
    resolution: {integrity: sha512-d2JWLCivmZYTSIoge9MsgFCZrt571BikcWGYkjC1khllbTeDlGqZ2D8vD8E/lJa8WGWbb7Plm8/XJYV7IJHZZw==}
    engines: {node: '>= 8'}
    dev: true

  /webidl-conversions@3.0.1:
    resolution: {integrity: sha512-2JAn3z8AR6rjK8Sm8orRC0h/bcl/DqL7tRPdGZ4I1CjdF+EaMLmYxBHyXuKL849eucPFhvBoxMsflfOb8kxaeQ==}
    dev: true

  /whatwg-url@5.0.0:
    resolution: {integrity: sha512-saE57nupxk6v3HY35+jzBwYa0rKSy0XR8JSxZPwgLr7ys0IBzhGviA1/TUGJLmSVqs8pb9AnvICXEuOHLprYTw==}
    dependencies:
      tr46: 0.0.3
      webidl-conversions: 3.0.1
    dev: true

  /which-module@2.0.1:
    resolution: {integrity: sha512-iBdZ57RDvnOR9AGBhML2vFZf7h8vmBjhoaZqODJBFWHVtKkDmKuHai3cx5PgVMrX5YDNp27AofYbAwctSS+vhQ==}
    dev: true

  /which@2.0.2:
    resolution: {integrity: sha512-BLI3Tl1TW3Pvl70l3yq3Y64i+awpwXqsGBYWkkqMtnbXgrMD+yj7rhW0kuEDxzJaYXGjEW5ogapKNMEKNMjibA==}
    engines: {node: '>= 8'}
    hasBin: true
    dependencies:
      isexe: 2.0.0
    dev: true

  /wrap-ansi@6.2.0:
    resolution: {integrity: sha512-r6lPcBGxZXlIcymEu7InxDMhdW0KDxpLgoFLcguasxCaJ/SOIZwINatK9KY/tf+ZrlywOKU0UDj3ATXUBfxJXA==}
    engines: {node: '>=8'}
    dependencies:
      ansi-styles: 4.3.0
      string-width: 4.2.3
      strip-ansi: 6.0.1
    dev: true

  /wrap-ansi@7.0.0:
    resolution: {integrity: sha512-YVGIj2kamLSTxw6NsZjoBxfSwsn0ycdesmc4p+Q21c5zPuZ1pl+NfxVdxPtdHvmNVOQ6XSYG4AUtyt/Fi7D16Q==}
    engines: {node: '>=10'}
    dependencies:
      ansi-styles: 4.3.0
      string-width: 4.2.3
      strip-ansi: 6.0.1
    dev: true

  /wrappy@1.0.2:
    resolution: {integrity: sha512-l4Sp/DRseor9wL6EvV2+TuQn63dMkPjZ/sp9XkghTEbV9KlPS1xUsZ3u7/IQO4wxtcFB4bgpQPRcR3QCvezPcQ==}
    dev: true

  /y18n@4.0.3:
    resolution: {integrity: sha512-JKhqTOwSrqNA1NY5lSztJ1GrBiUodLMmIZuLiDaMRJ+itFd+ABVE8XBjOvIWL+rSqNDC74LCSFmlb/U4UZ4hJQ==}
    dev: true

  /y18n@5.0.8:
    resolution: {integrity: sha512-0pfFzegeDWJHJIAmTLRP2DwHjdF5s7jo9tuztdQxAhINCdvS+3nGINqPd00AphqJR/0LhANUS6/+7SCb98YOfA==}
    engines: {node: '>=10'}
    dev: true

  /yaml@2.4.2:
    resolution: {integrity: sha512-B3VqDZ+JAg1nZpaEmWtTXUlBneoGx6CPM9b0TENK6aoSu5t73dItudwdgmi6tHlIZZId4dZ9skcAQ2UbcyAeVA==}
    engines: {node: '>= 14'}
    hasBin: true
    dev: true

  /yargs-parser@18.1.3:
    resolution: {integrity: sha512-o50j0JeToy/4K6OZcaQmW6lyXXKhq7csREXcDwk2omFPJEwUNOVtJKvmDr9EI1fAJZUyZcRF7kxGBWmRXudrCQ==}
    engines: {node: '>=6'}
    dependencies:
      camelcase: 5.3.1
      decamelize: 1.2.0
    dev: true

  /yargs-parser@21.1.1:
    resolution: {integrity: sha512-tVpsJW7DdjecAiFpbIB1e3qxIQsE6NoPc5/eTdrbbIC4h0LVsWhnoa3g+m2HclBIujHzsxZ4VJVA+GUuc2/LBw==}
    engines: {node: '>=12'}
    dev: true

  /yargs@15.4.1:
    resolution: {integrity: sha512-aePbxDmcYW++PaqBsJ+HYUFwCdv4LVvdnhBy78E57PIor8/OVvhMrADFFEDh8DHDFRv/O9i3lPhsENjO7QX0+A==}
    engines: {node: '>=8'}
    dependencies:
      cliui: 6.0.0
      decamelize: 1.2.0
      find-up: 4.1.0
      get-caller-file: 2.0.5
      require-directory: 2.1.1
      require-main-filename: 2.0.0
      set-blocking: 2.0.0
      string-width: 4.2.3
      which-module: 2.0.1
      y18n: 4.0.3
      yargs-parser: 18.1.3
    dev: true

  /yargs@17.7.2:
    resolution: {integrity: sha512-7dSzzRQ++CKnNI/krKnYRV7JKKPUXMEh61soaHKg9mrWEhzFWhFnxPxGl+69cD1Ou63C13NUPCnmIcrvqCuM6w==}
    engines: {node: '>=12'}
    dependencies:
      cliui: 8.0.1
      escalade: 3.1.2
      get-caller-file: 2.0.5
      require-directory: 2.1.1
      string-width: 4.2.3
      y18n: 5.0.8
      yargs-parser: 21.1.1
    dev: true

  file:eng/tools:
    resolution: {directory: eng/tools, type: directory}
    name: azure-rest-api-specs-eng-tools
    dev: true
